{
  "name": "gemini-ai-agent-cli",
  "version": "1.0.0",
  "lockfileVersion": 3,
  "requires": true,
  "packages": {
    "": {
      "name": "gemini-ai-agent-cli",
      "version": "1.0.0",
      "license": "MIT",
      "dependencies": {
        "@google/generative-ai": "^0.16.0",
        "dotenv": "^16.4.7"
      },
      "engines": {
        "node": ">=18.0.0"
      }
    },
    "node_modules/@google/generative-ai": {
      "version": "0.16.1",
      "resolved": "https://registry.npmjs.org/@google/generative-ai/-/generative-ai-0.16.1.tgz",
      "integrity": "sha512-t4x4g0z/HT2BdBNfK2ua2xA/Az+SDFng4PxWjgiys/qxbh2YcrCI2rZg9/6eBkd4Iz41yjpCCDOWxsMryLJ7TA==",
      "license": "Apache-2.0",
      "engines": {
        "node": ">=18.0.0"
      }
    },
    "node_modules/dotenv": {
      "version": "16.6.1",
      "resolved": "https://registry.npmjs.org/dotenv/-/dotenv-16.6.1.tgz",
      "integrity": "sha512-uBq4egWHTcTt33a72vpSG0z3HnPuIl6NqYcTrKEg2azoEyl2hpW0zqlxysq2pK9HlDIHyHyakeYaYnSAwd8bow==",
      "license": "BSD-2-Clause",
      "engines": {
        "node": ">=12"
      },
      "funding": {
        "url": "https://dotenvx.com"
      }
    }
  }
}
